// !$*UTF8*$!
{
	archiveVersion = 1;
	classes = {
	};
	objectVersion = 77;
	objects = {

/* Begin PBXBuildFile section */
		00C2D1C6C06B922B6C4631E8 /* SyncModel.swift in Sources */ = {isa = PBXBuildFile; fileRef = 22FEC4F7CA9B6BFC1C83FAA9 /* SyncModel.swift */; };
		038B95075759312290D808BE /* AuditionSetupPopover.swift in Sources */ = {isa = PBXBuildFile; fileRef = 49DF36DFC5F40715EEA3B89D /* AuditionSetupPopover.swift */; };
		096F3ECDC66DFFA506F6C354 /* History.swift in Sources */ = {isa = PBXBuildFile; fileRef = 3A13AC61C8FBC5DEC2AA6306 /* History.swift */; };
		0B6D8CBFD3870990087747EA /* FreakCore in Frameworks */ = {isa = PBXBuildFile; productRef = ADC1B379508399327DDDED29 /* FreakCore */; };
		0E37529570B83B9B7425A472 /* NewCollectionSheet.swift in Sources */ = {isa = PBXBuildFile; fileRef = 257B77D3381D99FE554BBF5B /* NewCollectionSheet.swift */; };
		0E40C12DA73FB5D3B80E0E5C /* MFProjzImport.swift in Sources */ = {isa = PBXBuildFile; fileRef = A2A8B8AB2C704129E3F9F8CA /* MFProjzImport.swift */; };
		11EE8FB5CFC21E64F890846B /* RestorePlanSheet.swift in Sources */ = {isa = PBXBuildFile; fileRef = B61B9D62EEA4810F3035F385 /* RestorePlanSheet.swift */; };
		181918C0FFB0E5153E25F433 /* ProgressBridge.swift in Sources */ = {isa = PBXBuildFile; fileRef = 07574BEA4F872E5E559F1A39 /* ProgressBridge.swift */; };
		187BF7146F8B70D850EDAA9A /* AppModel.swift in Sources */ = {isa = PBXBuildFile; fileRef = 4B9BD3FC345A11BCF583BAFB /* AppModel.swift */; };
		1C1FF9A5DB9886BB0BD55105 /* AuditionModel.swift in Sources */ = {isa = PBXBuildFile; fileRef = 927AEB2E2CCCEDDF489FB01A /* AuditionModel.swift */; };
		1D85350307A5810B9283B7C2 /* CollectionApplyPlan.swift in Sources */ = {isa = PBXBuildFile; fileRef = 6818C61F44C7625D8F3D8B01 /* CollectionApplyPlan.swift */; };
		22C41EF74C046A217E756399 /* AppModelSync.swift in Sources */ = {isa = PBXBuildFile; fileRef = FDDC06195C9F544261375939 /* AppModelSync.swift */; };
		27AB68E05C100A594D2EF134 /* SlotID.swift in Sources */ = {isa = PBXBuildFile; fileRef = 083FAB9CCEB4764CAAAAB7F1 /* SlotID.swift */; };
		31FE1D052EC60BFEF0352077 /* AuditionLoan.swift in Sources */ = {isa = PBXBuildFile; fileRef = 15B56A7BF1A74E83236BCAA2 /* AuditionLoan.swift */; };
		33D07C1B50E05333A3F509ED /* SlotListView.swift in Sources */ = {isa = PBXBuildFile; fileRef = DAEB36AB303FAB70E40387A4 /* SlotListView.swift */; };
		377F45A3DCF8396A3EDC3A8B /* Formatters.swift in Sources */ = {isa = PBXBuildFile; fileRef = 3DF9AAA849CF87642AF3E64C /* Formatters.swift */; };
		3A86533FBF3AF3B4F514DE54 /* SendPlanSheet.swift in Sources */ = {isa = PBXBuildFile; fileRef = C4A019A3ED8ACC4BC0079B2B /* SendPlanSheet.swift */; };
		3C1B2F8F7FE9963E0F2CBA72 /* CollectionsListView.swift in Sources */ = {isa = PBXBuildFile; fileRef = F04E45C852AB2B33AC99595B /* CollectionsListView.swift */; };
		4612A54714D59404C213698F /* PracticeBanner.swift in Sources */ = {isa = PBXBuildFile; fileRef = EC8DE28A8BC384D39D48D529 /* PracticeBanner.swift */; };
		549BDE27DF6D274C14ED761C /* LibraryModel.swift in Sources */ = {isa = PBXBuildFile; fileRef = 11B2EFC775F1F8E627EE7B89 /* LibraryModel.swift */; };
		55C0B8CCAC56C2777DD9A3F4 /* SidebarView.swift in Sources */ = {isa = PBXBuildFile; fileRef = 4310CD848167C09F433BC2F5 /* SidebarView.swift */; };
		5A4D934EC6C4D32AE47BFA1C /* SyncSlotDetailView.swift in Sources */ = {isa = PBXBuildFile; fileRef = 14E62E857B08B82271FAADB7 /* SyncSlotDetailView.swift */; };
		5B7A71B853F5B5BE312C6345 /* AppModelAudition.swift in Sources */ = {isa = PBXBuildFile; fileRef = 5CE0E1C12D41CC023D2313F3 /* AppModelAudition.swift */; };
		5BE6A2DD3708E4940955BBEC /* BackupListView.swift in Sources */ = {isa = PBXBuildFile; fileRef = 43CD53C322D3A3F8336014A1 /* BackupListView.swift */; };
		5E19DD7CE3D04AC29A919F5F /* LibraryListView.swift in Sources */ = {isa = PBXBuildFile; fileRef = 46F89AE84A3B24FBEFF5C874 /* LibraryListView.swift */; };
		607B0DDBD9E5DBF30E0D8942 /* SlotRowView.swift in Sources */ = {isa = PBXBuildFile; fileRef = 9F4BEC1C519A1E29ABC7D56D /* SlotRowView.swift */; };
		63E44E12AC15FE4F0D3913E6 /* AppModelCollections.swift in Sources */ = {isa = PBXBuildFile; fileRef = C99C7DAE83D5D10EDFDD7FD7 /* AppModelCollections.swift */; };
		64F50B8C1EFA70113DE1A746 /* SeedBanks in Resources */ = {isa = PBXBuildFile; fileRef = 1A1FE74A449412D4F26D968C /* SeedBanks */; };
		6A2B8E287999D8F321773990 /* BackupsModel.swift in Sources */ = {isa = PBXBuildFile; fileRef = 2F0FFB27420F12758358E9E5 /* BackupsModel.swift */; };
		6C8D1B5EE1DC3E8BEAF94E7D /* RootView.swift in Sources */ = {isa = PBXBuildFile; fileRef = 4F2D253F5E3E02268F8A4F87 /* RootView.swift */; };
		6DE5BDFE4732B02FFCC1160A /* AppModelBackup.swift in Sources */ = {isa = PBXBuildFile; fileRef = 46F3045A1BBF3E90EA419112 /* AppModelBackup.swift */; };
		789CDCB6F1D897DC8C49193B /* HardwareTransportProvider.swift in Sources */ = {isa = PBXBuildFile; fileRef = 50816B8D2FB7B2963AEB9D2A /* HardwareTransportProvider.swift */; };
		7A7276204288E6003EFBEFD2 /* UndoStack.swift in Sources */ = {isa = PBXBuildFile; fileRef = 7C14F3551BC5A2F84497ACC7 /* UndoStack.swift */; };
		812FD3ABD2EC2323948FE8E9 /* LibraryEntryDetailView.swift in Sources */ = {isa = PBXBuildFile; fileRef = 01CCC29E810DA1851B1F1A35 /* LibraryEntryDetailView.swift */; };
		82A125494C794ED807E479C6 /* BackupDetailView.swift in Sources */ = {isa = PBXBuildFile; fileRef = A204282157647DE632D6E67B /* BackupDetailView.swift */; };
		893636BE3E1D46C85912357B /* PracticeDevice.swift in Sources */ = {isa = PBXBuildFile; fileRef = 587D230676FBC3D281F73CB0 /* PracticeDevice.swift */; };
		8ACEF7DCEF9DAD52237A3CF2 /* Paths.swift in Sources */ = {isa = PBXBuildFile; fileRef = 06CEDDBF6EAC204111180691 /* Paths.swift */; };
		8DFFB770A54999299E5AFEFD /* bank_import.json in Resources */ = {isa = PBXBuildFile; fileRef = BF8FD19C2DFE0EA2B4DE1AA3 /* bank_import.json */; };
		8E10546AC313ECFCA65FA1D2 /* FreshnessModel.swift in Sources */ = {isa = PBXBuildFile; fileRef = FEF66EB1E57F1FDD683D0827 /* FreshnessModel.swift */; };
		9046338D89E47C08D63E5A6D /* OverwriteConfirmationView.swift in Sources */ = {isa = PBXBuildFile; fileRef = 8024B5BB0219D119EB75E220 /* OverwriteConfirmationView.swift */; };
		91A41F14A7460D6A50410781 /* AuditionSessionView.swift in Sources */ = {isa = PBXBuildFile; fileRef = E9B907D9791651B14B7E08F3 /* AuditionSessionView.swift */; };
		92DFB3D66B717C2025963253 /* SlotBrowserModel.swift in Sources */ = {isa = PBXBuildFile; fileRef = D825DF77CBB8351D49F24628 /* SlotBrowserModel.swift */; };
		97EA223DE089FB300930C7A4 /* ToastCenter.swift in Sources */ = {isa = PBXBuildFile; fileRef = CCC4C19DD867D9E8E7977D28 /* ToastCenter.swift */; };
		9931B566AFF0C8D65B687038 /* StatusBarView.swift in Sources */ = {isa = PBXBuildFile; fileRef = 109A7AA5F5EA06551C0F8D19 /* StatusBarView.swift */; };
		9C6A18BAC2D98DE353830FCB /* BackupProgressSheet.swift in Sources */ = {isa = PBXBuildFile; fileRef = E1B2B09D483A09C07512F8FD /* BackupProgressSheet.swift */; };
		9D2D3DF93F4A15EE54E983F7 /* CollectionDetailView.swift in Sources */ = {isa = PBXBuildFile; fileRef = DF884594C6733F0ACF736AFD /* CollectionDetailView.swift */; };
		A546510F6DC32FBDD06E0EC7 /* CollectionsModel.swift in Sources */ = {isa = PBXBuildFile; fileRef = 81747BC8C53A6470F9B2EB9E /* CollectionsModel.swift */; };
		A674BFB3AD805310D35286E4 /* ConnectView.swift in Sources */ = {isa = PBXBuildFile; fileRef = 71B0B72D225C067E832F411C /* ConnectView.swift */; };
		A9A96D3EB1A52AE0F15A32ED /* OverwritePlan.swift in Sources */ = {isa = PBXBuildFile; fileRef = 06363DD121309656EB049D39 /* OverwritePlan.swift */; };
		B799D82B9A2D00C342A49385 /* DeviceOperations.swift in Sources */ = {isa = PBXBuildFile; fileRef = 74871CF45F1E7379566FB8EA /* DeviceOperations.swift */; };
		BC86AC0446FC69C012028747 /* FavoritesListView.swift in Sources */ = {isa = PBXBuildFile; fileRef = 2D60DD7B63656942A7580AB9 /* FavoritesListView.swift */; };
		C3BEB5F39C88548DA802ADBB /* VerifyMismatchSheet.swift in Sources */ = {isa = PBXBuildFile; fileRef = 28DAF5B45A6F6AFB15D10A42 /* VerifyMismatchSheet.swift */; };
		C7967F5654B1CF9BE3934F82 /* AppModelWrites.swift in Sources */ = {isa = PBXBuildFile; fileRef = 5ADC40FBD4157975FED27716 /* AppModelWrites.swift */; };
		CB74096FD5732D5F6A608D3C /* SyncListView.swift in Sources */ = {isa = PBXBuildFile; fileRef = 5E8325805AB1B20D3CD8C9C9 /* SyncListView.swift */; };
		D051FE9C996D360F5BE827E4 /* CollectionApplyPlanSheet.swift in Sources */ = {isa = PBXBuildFile; fileRef = 0C118EC7A91083B21D87D9C6 /* CollectionApplyPlanSheet.swift */; };
		D810443DD57B02E8BFC07BB6 /* SlotPickerSheet.swift in Sources */ = {isa = PBXBuildFile; fileRef = C7F4BBFD1F3629A3482D8D9D /* SlotPickerSheet.swift */; };
		E0D10BB12D4643E0A18E2326 /* PresetTransfer.swift in Sources */ = {isa = PBXBuildFile; fileRef = 0D284E87435FF14A439B8CE7 /* PresetTransfer.swift */; };
		E2475ED9095AF784058A834F /* MicroFreakLibrarianApp.swift in Sources */ = {isa = PBXBuildFile; fileRef = D12CD81D5CEEFDED54935B32 /* MicroFreakLibrarianApp.swift */; };
		E656B9E4AF75F99DD1FCF643 /* SeedInstaller.swift in Sources */ = {isa = PBXBuildFile; fileRef = 55AC7CEF1850CB3E458419FB /* SeedInstaller.swift */; };
		EC764BD3E5173EBE0E2436C5 /* SlotDetailView.swift in Sources */ = {isa = PBXBuildFile; fileRef = 6447CE6127B2330277AA38B4 /* SlotDetailView.swift */; };
		F0439527C5F99726A1653541 /* MFProjzImportTests.swift in Sources */ = {isa = PBXBuildFile; fileRef = AA64518CF7719110E38173A0 /* MFProjzImportTests.swift */; };
		F3CCCC06C71649EE9D2CF8A4 /* Components.swift in Sources */ = {isa = PBXBuildFile; fileRef = A6BE3C1E2FEDD2E62A3699FA /* Components.swift */; };
		FA0C717808ED66EBD619FF4B /* PreviewStore.swift in Sources */ = {isa = PBXBuildFile; fileRef = D3384E755C6E5831FFAB4F9E /* PreviewStore.swift */; };
		FB968049406758D0A3418B0E /* AppModelTests.swift in Sources */ = {isa = PBXBuildFile; fileRef = B10A95DC43B38636F0FF860C /* AppModelTests.swift */; };
/* End PBXBuildFile section */

/* Begin PBXContainerItemProxy section */
		4AAFB38E20A5443EECAE149F /* PBXContainerItemProxy */ = {
			isa = PBXContainerItemProxy;
			containerPortal = 55D0F01587D678428F4D2D04 /* Project object */;
			proxyType = 1;
			remoteGlobalIDString = 4510847153D45675308E15D0;
			remoteInfo = FreakLibrarian;
		};
/* End PBXContainerItemProxy section */

/* Begin PBXFileReference section */
		01CCC29E810DA1851B1F1A35 /* LibraryEntryDetailView.swift */ = {isa = PBXFileReference; lastKnownFileType = sourcecode.swift; path = LibraryEntryDetailView.swift; sourceTree = "<group>"; };
		06363DD121309656EB049D39 /* OverwritePlan.swift */ = {isa = PBXFileReference; lastKnownFileType = sourcecode.swift; path = OverwritePlan.swift; sourceTree = "<group>"; };
		06CEDDBF6EAC204111180691 /* Paths.swift */ = {isa = PBXFileReference; lastKnownFileType = sourcecode.swift; path = Paths.swift; sourceTree = "<group>"; };
		07574BEA4F872E5E559F1A39 /* ProgressBridge.swift */ = {isa = PBXFileReference; lastKnownFileType = sourcecode.swift; path = ProgressBridge.swift; sourceTree = "<group>"; };
		083FAB9CCEB4764CAAAAB7F1 /* SlotID.swift */ = {isa = PBXFileReference; lastKnownFileType = sourcecode.swift; path = SlotID.swift; sourceTree = "<group>"; };
		0C118EC7A91083B21D87D9C6 /* CollectionApplyPlanSheet.swift */ = {isa = PBXFileReference; lastKnownFileType = sourcecode.swift; path = CollectionApplyPlanSheet.swift; sourceTree = "<group>"; };
		0D284E87435FF14A439B8CE7 /* PresetTransfer.swift */ = {isa = PBXFileReference; lastKnownFileType = sourcecode.swift; path = PresetTransfer.swift; sourceTree = "<group>"; };
		109A7AA5F5EA06551C0F8D19 /* StatusBarView.swift */ = {isa = PBXFileReference; lastKnownFileType = sourcecode.swift; path = StatusBarView.swift; sourceTree = "<group>"; };
		11B2EFC775F1F8E627EE7B89 /* LibraryModel.swift */ = {isa = PBXFileReference; lastKnownFileType = sourcecode.swift; path = LibraryModel.swift; sourceTree = "<group>"; };
		14E62E857B08B82271FAADB7 /* SyncSlotDetailView.swift */ = {isa = PBXFileReference; lastKnownFileType = sourcecode.swift; path = SyncSlotDetailView.swift; sourceTree = "<group>"; };
		15B56A7BF1A74E83236BCAA2 /* AuditionLoan.swift */ = {isa = PBXFileReference; lastKnownFileType = sourcecode.swift; path = AuditionLoan.swift; sourceTree = "<group>"; };
		1A1FE74A449412D4F26D968C /* SeedBanks */ = {isa = PBXFileReference; lastKnownFileType = folder; name = SeedBanks; path = App/Resources/SeedBanks; sourceTree = SOURCE_ROOT; };
		22FEC4F7CA9B6BFC1C83FAA9 /* SyncModel.swift */ = {isa = PBXFileReference; lastKnownFileType = sourcecode.swift; path = SyncModel.swift; sourceTree = "<group>"; };
		257B77D3381D99FE554BBF5B /* NewCollectionSheet.swift */ = {isa = PBXFileReference; lastKnownFileType = sourcecode.swift; path = NewCollectionSheet.swift; sourceTree = "<group>"; };
		28DAF5B45A6F6AFB15D10A42 /* VerifyMismatchSheet.swift */ = {isa = PBXFileReference; lastKnownFileType = sourcecode.swift; path = VerifyMismatchSheet.swift; sourceTree = "<group>"; };
		2D60DD7B63656942A7580AB9 /* FavoritesListView.swift */ = {isa = PBXFileReference; lastKnownFileType = sourcecode.swift; path = FavoritesListView.swift; sourceTree = "<group>"; };
		2F0FFB27420F12758358E9E5 /* BackupsModel.swift */ = {isa = PBXFileReference; lastKnownFileType = sourcecode.swift; path = BackupsModel.swift; sourceTree = "<group>"; };
		3A13AC61C8FBC5DEC2AA6306 /* History.swift */ = {isa = PBXFileReference; lastKnownFileType = sourcecode.swift; path = History.swift; sourceTree = "<group>"; };
		3DF9AAA849CF87642AF3E64C /* Formatters.swift */ = {isa = PBXFileReference; lastKnownFileType = sourcecode.swift; path = Formatters.swift; sourceTree = "<group>"; };
		4310CD848167C09F433BC2F5 /* SidebarView.swift */ = {isa = PBXFileReference; lastKnownFileType = sourcecode.swift; path = SidebarView.swift; sourceTree = "<group>"; };
		43CD53C322D3A3F8336014A1 /* BackupListView.swift */ = {isa = PBXFileReference; lastKnownFileType = sourcecode.swift; path = BackupListView.swift; sourceTree = "<group>"; };
		46F3045A1BBF3E90EA419112 /* AppModelBackup.swift */ = {isa = PBXFileReference; lastKnownFileType = sourcecode.swift; path = AppModelBackup.swift; sourceTree = "<group>"; };
		46F89AE84A3B24FBEFF5C874 /* LibraryListView.swift */ = {isa = PBXFileReference; lastKnownFileType = sourcecode.swift; path = LibraryListView.swift; sourceTree = "<group>"; };
		49DF36DFC5F40715EEA3B89D /* AuditionSetupPopover.swift */ = {isa = PBXFileReference; lastKnownFileType = sourcecode.swift; path = AuditionSetupPopover.swift; sourceTree = "<group>"; };
		4B9BD3FC345A11BCF583BAFB /* AppModel.swift */ = {isa = PBXFileReference; lastKnownFileType = sourcecode.swift; path = AppModel.swift; sourceTree = "<group>"; };
		4F2D253F5E3E02268F8A4F87 /* RootView.swift */ = {isa = PBXFileReference; lastKnownFileType = sourcecode.swift; path = RootView.swift; sourceTree = "<group>"; };
		50816B8D2FB7B2963AEB9D2A /* HardwareTransportProvider.swift */ = {isa = PBXFileReference; lastKnownFileType = sourcecode.swift; path = HardwareTransportProvider.swift; sourceTree = "<group>"; };
		55AC7CEF1850CB3E458419FB /* SeedInstaller.swift */ = {isa = PBXFileReference; lastKnownFileType = sourcecode.swift; path = SeedInstaller.swift; sourceTree = "<group>"; };
		587D230676FBC3D281F73CB0 /* PracticeDevice.swift */ = {isa = PBXFileReference; lastKnownFileType = sourcecode.swift; path = PracticeDevice.swift; sourceTree = "<group>"; };
		5ADC40FBD4157975FED27716 /* AppModelWrites.swift */ = {isa = PBXFileReference; lastKnownFileType = sourcecode.swift; path = AppModelWrites.swift; sourceTree = "<group>"; };
		5CE0E1C12D41CC023D2313F3 /* AppModelAudition.swift */ = {isa = PBXFileReference; lastKnownFileType = sourcecode.swift; path = AppModelAudition.swift; sourceTree = "<group>"; };
		5E8325805AB1B20D3CD8C9C9 /* SyncListView.swift */ = {isa = PBXFileReference; lastKnownFileType = sourcecode.swift; path = SyncListView.swift; sourceTree = "<group>"; };
		6447CE6127B2330277AA38B4 /* SlotDetailView.swift */ = {isa = PBXFileReference; lastKnownFileType = sourcecode.swift; path = SlotDetailView.swift; sourceTree = "<group>"; };
		6818C61F44C7625D8F3D8B01 /* CollectionApplyPlan.swift */ = {isa = PBXFileReference; lastKnownFileType = sourcecode.swift; path = CollectionApplyPlan.swift; sourceTree = "<group>"; };
		71B0B72D225C067E832F411C /* ConnectView.swift */ = {isa = PBXFileReference; lastKnownFileType = sourcecode.swift; path = ConnectView.swift; sourceTree = "<group>"; };
		74871CF45F1E7379566FB8EA /* DeviceOperations.swift */ = {isa = PBXFileReference; lastKnownFileType = sourcecode.swift; path = DeviceOperations.swift; sourceTree = "<group>"; };
		7C14F3551BC5A2F84497ACC7 /* UndoStack.swift */ = {isa = PBXFileReference; lastKnownFileType = sourcecode.swift; path = UndoStack.swift; sourceTree = "<group>"; };
		8024B5BB0219D119EB75E220 /* OverwriteConfirmationView.swift */ = {isa = PBXFileReference; lastKnownFileType = sourcecode.swift; path = OverwriteConfirmationView.swift; sourceTree = "<group>"; };
		81747BC8C53A6470F9B2EB9E /* CollectionsModel.swift */ = {isa = PBXFileReference; lastKnownFileType = sourcecode.swift; path = CollectionsModel.swift; sourceTree = "<group>"; };
		927AEB2E2CCCEDDF489FB01A /* AuditionModel.swift */ = {isa = PBXFileReference; lastKnownFileType = sourcecode.swift; path = AuditionModel.swift; sourceTree = "<group>"; };
		9A832E33E3F967EEB7925821 /* FreakCore */ = {isa = PBXFileReference; lastKnownFileType = folder; name = FreakCore; path = FreakCore; sourceTree = SOURCE_ROOT; };
		9F4BEC1C519A1E29ABC7D56D /* SlotRowView.swift */ = {isa = PBXFileReference; lastKnownFileType = sourcecode.swift; path = SlotRowView.swift; sourceTree = "<group>"; };
		A204282157647DE632D6E67B /* BackupDetailView.swift */ = {isa = PBXFileReference; lastKnownFileType = sourcecode.swift; path = BackupDetailView.swift; sourceTree = "<group>"; };
		A2A8B8AB2C704129E3F9F8CA /* MFProjzImport.swift */ = {isa = PBXFileReference; lastKnownFileType = sourcecode.swift; path = MFProjzImport.swift; sourceTree = "<group>"; };
		A5B181D962FC72B11D262C1F /* FreakLibrarianTests.xctest */ = {isa = PBXFileReference; includeInIndex = 0; lastKnownFileType = wrapper.cfbundle; path = FreakLibrarianTests.xctest; sourceTree = BUILT_PRODUCTS_DIR; };
		A6BE3C1E2FEDD2E62A3699FA /* Components.swift */ = {isa = PBXFileReference; lastKnownFileType = sourcecode.swift; path = Components.swift; sourceTree = "<group>"; };
		AA64518CF7719110E38173A0 /* MFProjzImportTests.swift */ = {isa = PBXFileReference; lastKnownFileType = sourcecode.swift; path = MFProjzImportTests.swift; sourceTree = "<group>"; };
		B10A95DC43B38636F0FF860C /* AppModelTests.swift */ = {isa = PBXFileReference; lastKnownFileType = sourcecode.swift; path = AppModelTests.swift; sourceTree = "<group>"; };
		B60F9F0887799FB00AE3ECF3 /* FreakLibrarian.app */ = {isa = PBXFileReference; includeInIndex = 0; lastKnownFileType = wrapper.application; path = FreakLibrarian.app; sourceTree = BUILT_PRODUCTS_DIR; };
		B61B9D62EEA4810F3035F385 /* RestorePlanSheet.swift */ = {isa = PBXFileReference; lastKnownFileType = sourcecode.swift; path = RestorePlanSheet.swift; sourceTree = "<group>"; };
		BF8FD19C2DFE0EA2B4DE1AA3 /* bank_import.json */ = {isa = PBXFileReference; lastKnownFileType = text.json; path = bank_import.json; sourceTree = "<group>"; };
		C4A019A3ED8ACC4BC0079B2B /* SendPlanSheet.swift */ = {isa = PBXFileReference; lastKnownFileType = sourcecode.swift; path = SendPlanSheet.swift; sourceTree = "<group>"; };
		C7F4BBFD1F3629A3482D8D9D /* SlotPickerSheet.swift */ = {isa = PBXFileReference; lastKnownFileType = sourcecode.swift; path = SlotPickerSheet.swift; sourceTree = "<group>"; };
		C99C7DAE83D5D10EDFDD7FD7 /* AppModelCollections.swift */ = {isa = PBXFileReference; lastKnownFileType = sourcecode.swift; path = AppModelCollections.swift; sourceTree = "<group>"; };
		CCC4C19DD867D9E8E7977D28 /* ToastCenter.swift */ = {isa = PBXFileReference; lastKnownFileType = sourcecode.swift; path = ToastCenter.swift; sourceTree = "<group>"; };
		D12CD81D5CEEFDED54935B32 /* MicroFreakLibrarianApp.swift */ = {isa = PBXFileReference; lastKnownFileType = sourcecode.swift; path = MicroFreakLibrarianApp.swift; sourceTree = "<group>"; };
		D3384E755C6E5831FFAB4F9E /* PreviewStore.swift */ = {isa = PBXFileReference; lastKnownFileType = sourcecode.swift; path = PreviewStore.swift; sourceTree = "<group>"; };
		D825DF77CBB8351D49F24628 /* SlotBrowserModel.swift */ = {isa = PBXFileReference; lastKnownFileType = sourcecode.swift; path = SlotBrowserModel.swift; sourceTree = "<group>"; };
		DAEB36AB303FAB70E40387A4 /* SlotListView.swift */ = {isa = PBXFileReference; lastKnownFileType = sourcecode.swift; path = SlotListView.swift; sourceTree = "<group>"; };
		DF884594C6733F0ACF736AFD /* CollectionDetailView.swift */ = {isa = PBXFileReference; lastKnownFileType = sourcecode.swift; path = CollectionDetailView.swift; sourceTree = "<group>"; };
		E1B2B09D483A09C07512F8FD /* BackupProgressSheet.swift */ = {isa = PBXFileReference; lastKnownFileType = sourcecode.swift; path = BackupProgressSheet.swift; sourceTree = "<group>"; };
		E9B907D9791651B14B7E08F3 /* AuditionSessionView.swift */ = {isa = PBXFileReference; lastKnownFileType = sourcecode.swift; path = AuditionSessionView.swift; sourceTree = "<group>"; };
		EC8DE28A8BC384D39D48D529 /* PracticeBanner.swift */ = {isa = PBXFileReference; lastKnownFileType = sourcecode.swift; path = PracticeBanner.swift; sourceTree = "<group>"; };
		F04E45C852AB2B33AC99595B /* CollectionsListView.swift */ = {isa = PBXFileReference; lastKnownFileType = sourcecode.swift; path = CollectionsListView.swift; sourceTree = "<group>"; };
		FDDC06195C9F544261375939 /* AppModelSync.swift */ = {isa = PBXFileReference; lastKnownFileType = sourcecode.swift; path = AppModelSync.swift; sourceTree = "<group>"; };
		FEF66EB1E57F1FDD683D0827 /* FreshnessModel.swift */ = {isa = PBXFileReference; lastKnownFileType = sourcecode.swift; path = FreshnessModel.swift; sourceTree = "<group>"; };
/* End PBXFileReference section */

/* Begin PBXFrameworksBuildPhase section */
		0511DF43D66611924FD04044 /* Frameworks */ = {
			isa = PBXFrameworksBuildPhase;
			buildActionMask = 2147483647;
			files = (
				0B6D8CBFD3870990087747EA /* FreakCore in Frameworks */,
			);
			runOnlyForDeploymentPostprocessing = 0;
		};
/* End PBXFrameworksBuildPhase section */

/* Begin PBXGroup section */
		4EB91227E817C38FD8FAE783 /* Support */ = {
			isa = PBXGroup;
			children = (
				15B56A7BF1A74E83236BCAA2 /* AuditionLoan.swift */,
				3DF9AAA849CF87642AF3E64C /* Formatters.swift */,
				3A13AC61C8FBC5DEC2AA6306 /* History.swift */,
				A2A8B8AB2C704129E3F9F8CA /* MFProjzImport.swift */,
				06CEDDBF6EAC204111180691 /* Paths.swift */,
				D3384E755C6E5831FFAB4F9E /* PreviewStore.swift */,
				55AC7CEF1850CB3E458419FB /* SeedInstaller.swift */,
				083FAB9CCEB4764CAAAAB7F1 /* SlotID.swift */,
			);
			path = Support;
			sourceTree = "<group>";
		};
		583ECED836ACC63F6B312E7B /* Models */ = {
			isa = PBXGroup;
			children = (
				927AEB2E2CCCEDDF489FB01A /* AuditionModel.swift */,
				2F0FFB27420F12758358E9E5 /* BackupsModel.swift */,
				6818C61F44C7625D8F3D8B01 /* CollectionApplyPlan.swift */,
				81747BC8C53A6470F9B2EB9E /* CollectionsModel.swift */,
				FEF66EB1E57F1FDD683D0827 /* FreshnessModel.swift */,
				11B2EFC775F1F8E627EE7B89 /* LibraryModel.swift */,
				06363DD121309656EB049D39 /* OverwritePlan.swift */,
				0D284E87435FF14A439B8CE7 /* PresetTransfer.swift */,
				D825DF77CBB8351D49F24628 /* SlotBrowserModel.swift */,
				22FEC4F7CA9B6BFC1C83FAA9 /* SyncModel.swift */,
				CCC4C19DD867D9E8E7977D28 /* ToastCenter.swift */,
				7C14F3551BC5A2F84497ACC7 /* UndoStack.swift */,
			);
			path = Models;
			sourceTree = "<group>";
		};
		6863ACE2F587F0487FD37723 /* Products */ = {
			isa = PBXGroup;
			children = (
				B60F9F0887799FB00AE3ECF3 /* FreakLibrarian.app */,
				A5B181D962FC72B11D262C1F /* FreakLibrarianTests.xctest */,
			);
			name = Products;
			sourceTree = "<group>";
		};
		74FE9020BA3A8462F8E17BE5 /* Sources */ = {
			isa = PBXGroup;
			children = (
				4B9BD3FC345A11BCF583BAFB /* AppModel.swift */,
				5CE0E1C12D41CC023D2313F3 /* AppModelAudition.swift */,
				46F3045A1BBF3E90EA419112 /* AppModelBackup.swift */,
				C99C7DAE83D5D10EDFDD7FD7 /* AppModelCollections.swift */,
				FDDC06195C9F544261375939 /* AppModelSync.swift */,
				5ADC40FBD4157975FED27716 /* AppModelWrites.swift */,
				D12CD81D5CEEFDED54935B32 /* MicroFreakLibrarianApp.swift */,
				962593562887E9114E17D575 /* Device */,
				583ECED836ACC63F6B312E7B /* Models */,
				D3B0FB70E4C902F72DAF6C56 /* Screens */,
				4EB91227E817C38FD8FAE783 /* Support */,
			);
			path = Sources;
			sourceTree = "<group>";
		};
		962593562887E9114E17D575 /* Device */ = {
			isa = PBXGroup;
			children = (
				74871CF45F1E7379566FB8EA /* DeviceOperations.swift */,
				50816B8D2FB7B2963AEB9D2A /* HardwareTransportProvider.swift */,
				587D230676FBC3D281F73CB0 /* PracticeDevice.swift */,
				07574BEA4F872E5E559F1A39 /* ProgressBridge.swift */,
			);
			path = Device;
			sourceTree = "<group>";
		};
		96693BF7D19224D82510296F /* Fixtures */ = {
			isa = PBXGroup;
			children = (
				BF8FD19C2DFE0EA2B4DE1AA3 /* bank_import.json */,
			);
			path = Fixtures;
			sourceTree = "<group>";
		};
		B4A3A012FCAF6DBFEEAAF7E0 /* Packages */ = {
			isa = PBXGroup;
			children = (
				9A832E33E3F967EEB7925821 /* FreakCore */,
			);
			name = Packages;
			sourceTree = "<group>";
		};
		BC2E83650957E76651B81B19 = {
			isa = PBXGroup;
			children = (
				DD30CB7ACB0030B82CDF7BB5 /* App */,
				B4A3A012FCAF6DBFEEAAF7E0 /* Packages */,
				6863ACE2F587F0487FD37723 /* Products */,
			);
			sourceTree = "<group>";
		};
		D3B0FB70E4C902F72DAF6C56 /* Screens */ = {
			isa = PBXGroup;
			children = (
				E9B907D9791651B14B7E08F3 /* AuditionSessionView.swift */,
				49DF36DFC5F40715EEA3B89D /* AuditionSetupPopover.swift */,
				A204282157647DE632D6E67B /* BackupDetailView.swift */,
				43CD53C322D3A3F8336014A1 /* BackupListView.swift */,
				E1B2B09D483A09C07512F8FD /* BackupProgressSheet.swift */,
				0C118EC7A91083B21D87D9C6 /* CollectionApplyPlanSheet.swift */,
				DF884594C6733F0ACF736AFD /* CollectionDetailView.swift */,
				F04E45C852AB2B33AC99595B /* CollectionsListView.swift */,
				A6BE3C1E2FEDD2E62A3699FA /* Components.swift */,
				71B0B72D225C067E832F411C /* ConnectView.swift */,
				2D60DD7B63656942A7580AB9 /* FavoritesListView.swift */,
				01CCC29E810DA1851B1F1A35 /* LibraryEntryDetailView.swift */,
				46F89AE84A3B24FBEFF5C874 /* LibraryListView.swift */,
				257B77D3381D99FE554BBF5B /* NewCollectionSheet.swift */,
				8024B5BB0219D119EB75E220 /* OverwriteConfirmationView.swift */,
				EC8DE28A8BC384D39D48D529 /* PracticeBanner.swift */,
				B61B9D62EEA4810F3035F385 /* RestorePlanSheet.swift */,
				4F2D253F5E3E02268F8A4F87 /* RootView.swift */,
				C4A019A3ED8ACC4BC0079B2B /* SendPlanSheet.swift */,
				4310CD848167C09F433BC2F5 /* SidebarView.swift */,
				6447CE6127B2330277AA38B4 /* SlotDetailView.swift */,
				DAEB36AB303FAB70E40387A4 /* SlotListView.swift */,
				C7F4BBFD1F3629A3482D8D9D /* SlotPickerSheet.swift */,
				9F4BEC1C519A1E29ABC7D56D /* SlotRowView.swift */,
				109A7AA5F5EA06551C0F8D19 /* StatusBarView.swift */,
				5E8325805AB1B20D3CD8C9C9 /* SyncListView.swift */,
				14E62E857B08B82271FAADB7 /* SyncSlotDetailView.swift */,
				28DAF5B45A6F6AFB15D10A42 /* VerifyMismatchSheet.swift */,
			);
			path = Screens;
			sourceTree = "<group>";
		};
		DD30CB7ACB0030B82CDF7BB5 /* App */ = {
			isa = PBXGroup;
			children = (
				E1C8FA9A256B5C5F382C0CE5 /* Resources */,
				74FE9020BA3A8462F8E17BE5 /* Sources */,
				F6DEF2C92BC18F02B11A22A8 /* Tests */,
			);
			path = App;
			sourceTree = "<group>";
		};
		E1C8FA9A256B5C5F382C0CE5 /* Resources */ = {
			isa = PBXGroup;
			children = (
				1A1FE74A449412D4F26D968C /* SeedBanks */,
			);
			path = Resources;
			sourceTree = "<group>";
		};
		F6DEF2C92BC18F02B11A22A8 /* Tests */ = {
			isa = PBXGroup;
			children = (
				B10A95DC43B38636F0FF860C /* AppModelTests.swift */,
				AA64518CF7719110E38173A0 /* MFProjzImportTests.swift */,
				96693BF7D19224D82510296F /* Fixtures */,
			);
			path = Tests;
			sourceTree = "<group>";
		};
/* End PBXGroup section */

/* Begin PBXNativeTarget section */
		2B63233EE3A3F201CAC3D676 /* FreakLibrarianTests */ = {
			isa = PBXNativeTarget;
			buildConfigurationList = 8F2D29DEC1637AE01FBAC7C9 /* Build configuration list for PBXNativeTarget "FreakLibrarianTests" */;
			buildPhases = (
				D7742B40045F1AC6974D22E2 /* Sources */,
				AB965EAFB7C14D9A2CD5390E /* Resources */,
			);
			buildRules = (
			);
			dependencies = (
				4F08EFF146886372DE07505B /* PBXTargetDependency */,
			);
			name = FreakLibrarianTests;
			packageProductDependencies = (
			);
			productName = FreakLibrarianTests;
			productReference = A5B181D962FC72B11D262C1F /* FreakLibrarianTests.xctest */;
			productType = "com.apple.product-type.bundle.unit-test";
		};
		4510847153D45675308E15D0 /* FreakLibrarian */ = {
			isa = PBXNativeTarget;
			buildConfigurationList = E3CFB6E52CCDBC0FDFC2BDEA /* Build configuration list for PBXNativeTarget "FreakLibrarian" */;
			buildPhases = (
				45EE6F222D10888309C5D355 /* Sources */,
				A8496C8CBF3886D199BFB458 /* Resources */,
				0511DF43D66611924FD04044 /* Frameworks */,
			);
			buildRules = (
			);
			dependencies = (
			);
			name = FreakLibrarian;
			packageProductDependencies = (
				ADC1B379508399327DDDED29 /* FreakCore */,
			);
			productName = FreakLibrarian;
			productReference = B60F9F0887799FB00AE3ECF3 /* FreakLibrarian.app */;
			productType = "com.apple.product-type.application";
		};
/* End PBXNativeTarget section */

/* Begin PBXProject section */
		55D0F01587D678428F4D2D04 /* Project object */ = {
			isa = PBXProject;
			attributes = {
				BuildIndependentTargetsInParallel = YES;
				LastUpgradeCheck = 1430;
				TargetAttributes = {
					2B63233EE3A3F201CAC3D676 = {
						DevelopmentTeam = "";
						ProvisioningStyle = Manual;
					};
					4510847153D45675308E15D0 = {
						DevelopmentTeam = "";
						ProvisioningStyle = Manual;
					};
				};
			};
			buildConfigurationList = 8BE6FEC2D9EA5681264161AD /* Build configuration list for PBXProject "FreakLibrarian" */;
			developmentRegion = en;
			hasScannedForEncodings = 0;
			knownRegions = (
				Base,
				en,
			);
			mainGroup = BC2E83650957E76651B81B19;
			minimizedProjectReferenceProxies = 1;
			packageReferences = (
				C5318B7AEDA3AC298B37C44A /* XCLocalSwiftPackageReference "FreakCore" */,
			);
			preferredProjectObjectVersion = 77;
			productRefGroup = 6863ACE2F587F0487FD37723 /* Products */;
			projectDirPath = "";
			projectRoot = "";
			targets = (
				4510847153D45675308E15D0 /* FreakLibrarian */,
				2B63233EE3A3F201CAC3D676 /* FreakLibrarianTests */,
			);
		};
/* End PBXProject section */

/* Begin PBXResourcesBuildPhase section */
		A8496C8CBF3886D199BFB458 /* Resources */ = {
			isa = PBXResourcesBuildPhase;
			buildActionMask = 2147483647;
			files = (
				64F50B8C1EFA70113DE1A746 /* SeedBanks in Resources */,
			);
			runOnlyForDeploymentPostprocessing = 0;
		};
		AB965EAFB7C14D9A2CD5390E /* Resources */ = {
			isa = PBXResourcesBuildPhase;
			buildActionMask = 2147483647;
			files = (
				8DFFB770A54999299E5AFEFD /* bank_import.json in Resources */,
			);
			runOnlyForDeploymentPostprocessing = 0;
		};
/* End PBXResourcesBuildPhase section */

/* Begin PBXSourcesBuildPhase section */
		45EE6F222D10888309C5D355 /* Sources */ = {
			isa = PBXSourcesBuildPhase;
			buildActionMask = 2147483647;
			files = (
				187BF7146F8B70D850EDAA9A /* AppModel.swift in Sources */,
				5B7A71B853F5B5BE312C6345 /* AppModelAudition.swift in Sources */,
				6DE5BDFE4732B02FFCC1160A /* AppModelBackup.swift in Sources */,
				63E44E12AC15FE4F0D3913E6 /* AppModelCollections.swift in Sources */,
				22C41EF74C046A217E756399 /* AppModelSync.swift in Sources */,
				C7967F5654B1CF9BE3934F82 /* AppModelWrites.swift in Sources */,
				31FE1D052EC60BFEF0352077 /* AuditionLoan.swift in Sources */,
				1C1FF9A5DB9886BB0BD55105 /* AuditionModel.swift in Sources */,
				91A41F14A7460D6A50410781 /* AuditionSessionView.swift in Sources */,
				038B95075759312290D808BE /* AuditionSetupPopover.swift in Sources */,
				82A125494C794ED807E479C6 /* BackupDetailView.swift in Sources */,
				5BE6A2DD3708E4940955BBEC /* BackupListView.swift in Sources */,
				9C6A18BAC2D98DE353830FCB /* BackupProgressSheet.swift in Sources */,
				6A2B8E287999D8F321773990 /* BackupsModel.swift in Sources */,
				1D85350307A5810B9283B7C2 /* CollectionApplyPlan.swift in Sources */,
				D051FE9C996D360F5BE827E4 /* CollectionApplyPlanSheet.swift in Sources */,
				9D2D3DF93F4A15EE54E983F7 /* CollectionDetailView.swift in Sources */,
				3C1B2F8F7FE9963E0F2CBA72 /* CollectionsListView.swift in Sources */,
				A546510F6DC32FBDD06E0EC7 /* CollectionsModel.swift in Sources */,
				F3CCCC06C71649EE9D2CF8A4 /* Components.swift in Sources */,
				A674BFB3AD805310D35286E4 /* ConnectView.swift in Sources */,
				B799D82B9A2D00C342A49385 /* DeviceOperations.swift in Sources */,
				BC86AC0446FC69C012028747 /* FavoritesListView.swift in Sources */,
				377F45A3DCF8396A3EDC3A8B /* Formatters.swift in Sources */,
				8E10546AC313ECFCA65FA1D2 /* FreshnessModel.swift in Sources */,
				789CDCB6F1D897DC8C49193B /* HardwareTransportProvider.swift in Sources */,
				096F3ECDC66DFFA506F6C354 /* History.swift in Sources */,
				812FD3ABD2EC2323948FE8E9 /* LibraryEntryDetailView.swift in Sources */,
				5E19DD7CE3D04AC29A919F5F /* LibraryListView.swift in Sources */,
				549BDE27DF6D274C14ED761C /* LibraryModel.swift in Sources */,
				0E40C12DA73FB5D3B80E0E5C /* MFProjzImport.swift in Sources */,
				E2475ED9095AF784058A834F /* MicroFreakLibrarianApp.swift in Sources */,
				0E37529570B83B9B7425A472 /* NewCollectionSheet.swift in Sources */,
				9046338D89E47C08D63E5A6D /* OverwriteConfirmationView.swift in Sources */,
				A9A96D3EB1A52AE0F15A32ED /* OverwritePlan.swift in Sources */,
				8ACEF7DCEF9DAD52237A3CF2 /* Paths.swift in Sources */,
				4612A54714D59404C213698F /* PracticeBanner.swift in Sources */,
				893636BE3E1D46C85912357B /* PracticeDevice.swift in Sources */,
				E0D10BB12D4643E0A18E2326 /* PresetTransfer.swift in Sources */,
				FA0C717808ED66EBD619FF4B /* PreviewStore.swift in Sources */,
				181918C0FFB0E5153E25F433 /* ProgressBridge.swift in Sources */,
				11EE8FB5CFC21E64F890846B /* RestorePlanSheet.swift in Sources */,
				6C8D1B5EE1DC3E8BEAF94E7D /* RootView.swift in Sources */,
				E656B9E4AF75F99DD1FCF643 /* SeedInstaller.swift in Sources */,
				3A86533FBF3AF3B4F514DE54 /* SendPlanSheet.swift in Sources */,
				55C0B8CCAC56C2777DD9A3F4 /* SidebarView.swift in Sources */,
				92DFB3D66B717C2025963253 /* SlotBrowserModel.swift in Sources */,
				EC764BD3E5173EBE0E2436C5 /* SlotDetailView.swift in Sources */,
				27AB68E05C100A594D2EF134 /* SlotID.swift in Sources */,
				33D07C1B50E05333A3F509ED /* SlotListView.swift in Sources */,
				D810443DD57B02E8BFC07BB6 /* SlotPickerSheet.swift in Sources */,
				607B0DDBD9E5DBF30E0D8942 /* SlotRowView.swift in Sources */,
				9931B566AFF0C8D65B687038 /* StatusBarView.swift in Sources */,
				CB74096FD5732D5F6A608D3C /* SyncListView.swift in Sources */,
				00C2D1C6C06B922B6C4631E8 /* SyncModel.swift in Sources */,
				5A4D934EC6C4D32AE47BFA1C /* SyncSlotDetailView.swift in Sources */,
				97EA223DE089FB300930C7A4 /* ToastCenter.swift in Sources */,
				7A7276204288E6003EFBEFD2 /* UndoStack.swift in Sources */,
				C3BEB5F39C88548DA802ADBB /* VerifyMismatchSheet.swift in Sources */,
			);
			runOnlyForDeploymentPostprocessing = 0;
		};
		D7742B40045F1AC6974D22E2 /* Sources */ = {
			isa = PBXSourcesBuildPhase;
			buildActionMask = 2147483647;
			files = (
				FB968049406758D0A3418B0E /* AppModelTests.swift in Sources */,
				F0439527C5F99726A1653541 /* MFProjzImportTests.swift in Sources */,
			);
			runOnlyForDeploymentPostprocessing = 0;
		};
/* End PBXSourcesBuildPhase section */

/* Begin PBXTargetDependency section */
		4F08EFF146886372DE07505B /* PBXTargetDependency */ = {
			isa = PBXTargetDependency;
			target = 4510847153D45675308E15D0 /* FreakLibrarian */;
			targetProxy = 4AAFB38E20A5443EECAE149F /* PBXContainerItemProxy */;
		};
/* End PBXTargetDependency section */

/* Begin XCBuildConfiguration section */
		1ECAA5E218EFB09952834323 /* Release */ = {
			isa = XCBuildConfiguration;
			buildSettings = {
				ASSETCATALOG_COMPILER_APPICON_NAME = AppIcon;
				CODE_SIGN_IDENTITY = "iPhone Developer";
				CURRENT_PROJECT_VERSION = 1;
				INFOPLIST_FILE = App/Sources/Info.plist;
				LD_RUNPATH_SEARCH_PATHS = (
					"$(inherited)",
					"@executable_path/Frameworks",
				);
				MARKETING_VERSION = 0.1.0;
				PRODUCT_BUNDLE_IDENTIFIER = com.ericbrookfield.freaklibrarian;
				PRODUCT_MODULE_NAME = FreakLibrarian;
				PRODUCT_NAME = FreakLibrarian;
				SDKROOT = iphoneos;
				SUPPORTS_MACCATALYST = NO;
				TARGETED_DEVICE_FAMILY = 2;
			};
			name = Release;
		};
		505CAE8899E65EB30C51F9A0 /* Release */ = {
			isa = XCBuildConfiguration;
			buildSettings = {
				ALWAYS_SEARCH_USER_PATHS = NO;
				CLANG_ANALYZER_NONNULL = YES;
				CLANG_ANALYZER_NUMBER_OBJECT_CONVERSION = YES_AGGRESSIVE;
				CLANG_CXX_LANGUAGE_STANDARD = "gnu++14";
				CLANG_CXX_LIBRARY = "libc++";
				CLANG_ENABLE_MODULES = YES;
				CLANG_ENABLE_OBJC_ARC = YES;
				CLANG_ENABLE_OBJC_WEAK = YES;
				CLANG_WARN_BLOCK_CAPTURE_AUTORELEASING = YES;
				CLANG_WARN_BOOL_CONVERSION = YES;
				CLANG_WARN_COMMA = YES;
				CLANG_WARN_CONSTANT_CONVERSION = YES;
				CLANG_WARN_DEPRECATED_OBJC_IMPLEMENTATIONS = YES;
				CLANG_WARN_DIRECT_OBJC_ISA_USAGE = YES_ERROR;
				CLANG_WARN_DOCUMENTATION_COMMENTS = YES;
				CLANG_WARN_EMPTY_BODY = YES;
				CLANG_WARN_ENUM_CONVERSION = YES;
				CLANG_WARN_INFINITE_RECURSION = YES;
				CLANG_WARN_INT_CONVERSION = YES;
				CLANG_WARN_NON_LITERAL_NULL_CONVERSION = YES;
				CLANG_WARN_OBJC_IMPLICIT_RETAIN_SELF = YES;
				CLANG_WARN_OBJC_LITERAL_CONVERSION = YES;
				CLANG_WARN_OBJC_ROOT_CLASS = YES_ERROR;
				CLANG_WARN_QUOTED_INCLUDE_IN_FRAMEWORK_HEADER = YES;
				CLANG_WARN_RANGE_LOOP_ANALYSIS = YES;
				CLANG_WARN_STRICT_PROTOTYPES = YES;
				CLANG_WARN_SUSPICIOUS_MOVE = YES;
				CLANG_WARN_UNGUARDED_AVAILABILITY = YES_AGGRESSIVE;
				CLANG_WARN_UNREACHABLE_CODE = YES;
				CLANG_WARN__DUPLICATE_METHOD_MATCH = YES;
				CODE_SIGNING_REQUIRED = NO;
				CODE_SIGN_IDENTITY = "";
				CODE_SIGN_STYLE = Manual;
				COPY_PHASE_STRIP = NO;
				DEBUG_INFORMATION_FORMAT = "dwarf-with-dsym";
				DEVELOPMENT_TEAM = "";
				ENABLE_NS_ASSERTIONS = NO;
				ENABLE_STRICT_OBJC_MSGSEND = YES;
				ENABLE_USER_SCRIPT_SANDBOXING = YES;
				GCC_C_LANGUAGE_STANDARD = gnu11;
				GCC_NO_COMMON_BLOCKS = YES;
				GCC_WARN_64_TO_32_BIT_CONVERSION = YES;
				GCC_WARN_ABOUT_RETURN_TYPE = YES_ERROR;
				GCC_WARN_UNDECLARED_SELECTOR = YES;
				GCC_WARN_UNINITIALIZED_AUTOS = YES_AGGRESSIVE;
				GCC_WARN_UNUSED_FUNCTION = YES;
				GCC_WARN_UNUSED_VARIABLE = YES;
				IPHONEOS_DEPLOYMENT_TARGET = 17.0;
				MTL_ENABLE_DEBUG_INFO = NO;
				MTL_FAST_MATH = YES;
				PRODUCT_NAME = "$(TARGET_NAME)";
				SDKROOT = iphoneos;
				SWIFT_COMPILATION_MODE = wholemodule;
				SWIFT_OPTIMIZATION_LEVEL = "-O";
				SWIFT_STRICT_CONCURRENCY = complete;
				SWIFT_VERSION = 6.0;
			};
			name = Release;
		};
		61F716F8925AA537E73AE9B3 /* Debug */ = {
			isa = XCBuildConfiguration;
			buildSettings = {
				BUNDLE_LOADER = "$(TEST_HOST)";
				LD_RUNPATH_SEARCH_PATHS = (
					"$(inherited)",
					"@executable_path/Frameworks",
					"@loader_path/Frameworks",
				);
				PRODUCT_BUNDLE_IDENTIFIER = com.ericbrookfield.FreakLibrarianTests;
				SDKROOT = iphoneos;
				TARGETED_DEVICE_FAMILY = "1,2";
				TEST_HOST = "$(BUILT_PRODUCTS_DIR)/FreakLibrarian.app/FreakLibrarian";
			};
			name = Debug;
		};
		E2E63DB3EAE49F1A8F3F3C7B /* Debug */ = {
			isa = XCBuildConfiguration;
			buildSettings = {
				ASSETCATALOG_COMPILER_APPICON_NAME = AppIcon;
				CODE_SIGN_IDENTITY = "iPhone Developer";
				CURRENT_PROJECT_VERSION = 1;
				INFOPLIST_FILE = App/Sources/Info.plist;
				LD_RUNPATH_SEARCH_PATHS = (
					"$(inherited)",
					"@executable_path/Frameworks",
				);
				MARKETING_VERSION = 0.1.0;
				PRODUCT_BUNDLE_IDENTIFIER = com.ericbrookfield.freaklibrarian;
				PRODUCT_MODULE_NAME = FreakLibrarian;
				PRODUCT_NAME = FreakLibrarian;
				SDKROOT = iphoneos;
				SUPPORTS_MACCATALYST = NO;
				TARGETED_DEVICE_FAMILY = 2;
			};
			name = Debug;
		};
		F4F80C6C68852D22B0FA1A9C /* Debug */ = {
			isa = XCBuildConfiguration;
			buildSettings = {
				ALWAYS_SEARCH_USER_PATHS = NO;
				CLANG_ANALYZER_NONNULL = YES;
				CLANG_ANALYZER_NUMBER_OBJECT_CONVERSION = YES_AGGRESSIVE;
				CLANG_CXX_LANGUAGE_STANDARD = "gnu++14";
				CLANG_CXX_LIBRARY = "libc++";
				CLANG_ENABLE_MODULES = YES;
				CLANG_ENABLE_OBJC_ARC = YES;
				CLANG_ENABLE_OBJC_WEAK = YES;
				CLANG_WARN_BLOCK_CAPTURE_AUTORELEASING = YES;
				CLANG_WARN_BOOL_CONVERSION = YES;
				CLANG_WARN_COMMA = YES;
				CLANG_WARN_CONSTANT_CONVERSION = YES;
				CLANG_WARN_DEPRECATED_OBJC_IMPLEMENTATIONS = YES;
				CLANG_WARN_DIRECT_OBJC_ISA_USAGE = YES_ERROR;
				CLANG_WARN_DOCUMENTATION_COMMENTS = YES;
				CLANG_WARN_EMPTY_BODY = YES;
				CLANG_WARN_ENUM_CONVERSION = YES;
				CLANG_WARN_INFINITE_RECURSION = YES;
				CLANG_WARN_INT_CONVERSION = YES;
				CLANG_WARN_NON_LITERAL_NULL_CONVERSION = YES;
				CLANG_WARN_OBJC_IMPLICIT_RETAIN_SELF = YES;
				CLANG_WARN_OBJC_LITERAL_CONVERSION = YES;
				CLANG_WARN_OBJC_ROOT_CLASS = YES_ERROR;
				CLANG_WARN_QUOTED_INCLUDE_IN_FRAMEWORK_HEADER = YES;
				CLANG_WARN_RANGE_LOOP_ANALYSIS = YES;
				CLANG_WARN_STRICT_PROTOTYPES = YES;
				CLANG_WARN_SUSPICIOUS_MOVE = YES;
				CLANG_WARN_UNGUARDED_AVAILABILITY = YES_AGGRESSIVE;
				CLANG_WARN_UNREACHABLE_CODE = YES;
				CLANG_WARN__DUPLICATE_METHOD_MATCH = YES;
				CODE_SIGNING_REQUIRED = NO;
				CODE_SIGN_IDENTITY = "";
				CODE_SIGN_STYLE = Manual;
				COPY_PHASE_STRIP = NO;
				DEBUG_INFORMATION_FORMAT = dwarf;
				DEVELOPMENT_TEAM = "";
				ENABLE_STRICT_OBJC_MSGSEND = YES;
				ENABLE_TESTABILITY = YES;
				ENABLE_USER_SCRIPT_SANDBOXING = YES;
				GCC_C_LANGUAGE_STANDARD = gnu11;
				GCC_DYNAMIC_NO_PIC = NO;
				GCC_NO_COMMON_BLOCKS = YES;
				GCC_OPTIMIZATION_LEVEL = 0;
				GCC_PREPROCESSOR_DEFINITIONS = (
					"$(inherited)",
					"DEBUG=1",
				);
				GCC_WARN_64_TO_32_BIT_CONVERSION = YES;
				GCC_WARN_ABOUT_RETURN_TYPE = YES_ERROR;
				GCC_WARN_UNDECLARED_SELECTOR = YES;
				GCC_WARN_UNINITIALIZED_AUTOS = YES_AGGRESSIVE;
				GCC_WARN_UNUSED_FUNCTION = YES;
				GCC_WARN_UNUSED_VARIABLE = YES;
				IPHONEOS_DEPLOYMENT_TARGET = 17.0;
				MTL_ENABLE_DEBUG_INFO = INCLUDE_SOURCE;
				MTL_FAST_MATH = YES;
				ONLY_ACTIVE_ARCH = YES;
				PRODUCT_NAME = "$(TARGET_NAME)";
				SDKROOT = iphoneos;
				SWIFT_ACTIVE_COMPILATION_CONDITIONS = DEBUG;
				SWIFT_OPTIMIZATION_LEVEL = "-Onone";
				SWIFT_STRICT_CONCURRENCY = complete;
				SWIFT_VERSION = 6.0;
			};
			name = Debug;
		};
		F519C0406F75353EB1BEF2EE /* Release */ = {
			isa = XCBuildConfiguration;
			buildSettings = {
				BUNDLE_LOADER = "$(TEST_HOST)";
				LD_RUNPATH_SEARCH_PATHS = (
					"$(inherited)",
					"@executable_path/Frameworks",
					"@loader_path/Frameworks",
				);
				PRODUCT_BUNDLE_IDENTIFIER = com.ericbrookfield.FreakLibrarianTests;
				SDKROOT = iphoneos;
				TARGETED_DEVICE_FAMILY = "1,2";
				TEST_HOST = "$(BUILT_PRODUCTS_DIR)/FreakLibrarian.app/FreakLibrarian";
			};
			name = Release;
		};
/* End XCBuildConfiguration section */

/* Begin XCConfigurationList section */
		8BE6FEC2D9EA5681264161AD /* Build configuration list for PBXProject "FreakLibrarian" */ = {
			isa = XCConfigurationList;
			buildConfigurations = (
				F4F80C6C68852D22B0FA1A9C /* Debug */,
				505CAE8899E65EB30C51F9A0 /* Release */,
			);
			defaultConfigurationIsVisible = 0;
			defaultConfigurationName = Debug;
		};
		8F2D29DEC1637AE01FBAC7C9 /* Build configuration list for PBXNativeTarget "FreakLibrarianTests" */ = {
			isa = XCConfigurationList;
			buildConfigurations = (
				61F716F8925AA537E73AE9B3 /* Debug */,
				F519C0406F75353EB1BEF2EE /* Release */,
			);
			defaultConfigurationIsVisible = 0;
			defaultConfigurationName = Debug;
		};
		E3CFB6E52CCDBC0FDFC2BDEA /* Build configuration list for PBXNativeTarget "FreakLibrarian" */ = {
			isa = XCConfigurationList;
			buildConfigurations = (
				E2E63DB3EAE49F1A8F3F3C7B /* Debug */,
				1ECAA5E218EFB09952834323 /* Release */,
			);
			defaultConfigurationIsVisible = 0;
			defaultConfigurationName = Debug;
		};
/* End XCConfigurationList section */

/* Begin XCLocalSwiftPackageReference section */
		C5318B7AEDA3AC298B37C44A /* XCLocalSwiftPackageReference "FreakCore" */ = {
			isa = XCLocalSwiftPackageReference;
			relativePath = FreakCore;
		};
/* End XCLocalSwiftPackageReference section */

/* Begin XCSwiftPackageProductDependency section */
		ADC1B379508399327DDDED29 /* FreakCore */ = {
			isa = XCSwiftPackageProductDependency;
			productName = FreakCore;
		};
/* End XCSwiftPackageProductDependency section */
	};
	rootObject = 55D0F01587D678428F4D2D04 /* Project object */;
}
